
Microsoft Visual Studio Solution File, Format Version 12.00
# Visual Studio Version 16
VisualStudioVersion = 16.0.30523.141
MinimumVisualStudioVersion = 10.0.40219.1
Project("{FAE04EC0-301F-11D3-BF4B-00C04F79EFBC}") = "SysLogs", "SysLogs\SysLogs.csproj", "{D09FAFD6-424B-4200-98D6-5F95D4DCBA2D}"
EndProject
Global
	GlobalSection(SolutionConfigurationPlatforms) = preSolution
		Debug|Any CPU = Debug|Any CPU
		Release|Any CPU = Release|Any CPU
	EndGlobalSection
	GlobalSection(ProjectConfigurationPlatforms) = postSolution
		{D09FAFD6-424B-4200-98D6-5F95D4DCBA2D}.Debug|Any CPU.ActiveCfg = Debug|Any CPU
		{D09FAFD6-424B-4200-98D6-5F95D4DCBA2D}.Debug|Any CPU.Build.0 = Debug|Any CPU
		{D09FAFD6-424B-4200-98D6-5F95D4DCBA2D}.Release|Any CPU.ActiveCfg = Release|Any CPU
		{D09FAFD6-424B-4200-98D6-5F95D4DCBA2D}.Release|Any CPU.Build.0 = Release|Any CPU
	EndGlobalSection
	GlobalSection(SolutionProperties) = preSolution
		HideSolutionNode = FALSE
	EndGlobalSection
	GlobalSection(ExtensibilityGlobals) = postSolution
		SolutionGuid = {1719D74B-1F97-4960-9884-5968402744AF}
	EndGlobalSection
EndGlobal
